
Microsoft Visual Studio Solution File, Format Version 12.00
# Visual Studio Version 17
VisualStudioVersion = 17.2.32630.192
MinimumVisualStudioVersion = 10.0.40219.1
Project("{FAE04EC0-301F-11D3-BF4B-00C04F79EFBC}") = "nugeteste1", "nugeteste1\nugeteste1.csproj", "{9BDBE9C6-7F09-4F17-9085-BCEEE2E9BF71}"
EndProject
Global
	GlobalSection(SolutionConfigurationPlatforms) = preSolution
		Debug|Any CPU = Debug|Any CPU
		Release|Any CPU = Release|Any CPU
	EndGlobalSection
	GlobalSection(ProjectConfigurationPlatforms) = postSolution
		{9BDBE9C6-7F09-4F17-9085-BCEEE2E9BF71}.Debug|Any CPU.ActiveCfg = Debug|Any CPU
		{9BDBE9C6-7F09-4F17-9085-BCEEE2E9BF71}.Debug|Any CPU.Build.0 = Debug|Any CPU
		{9BDBE9C6-7F09-4F17-9085-BCEEE2E9BF71}.Release|Any CPU.ActiveCfg = Release|Any CPU
		{9BDBE9C6-7F09-4F17-9085-BCEEE2E9BF71}.Release|Any CPU.Build.0 = Release|Any CPU
	EndGlobalSection
	GlobalSection(SolutionProperties) = preSolution
		HideSolutionNode = FALSE
	EndGlobalSection
	GlobalSection(ExtensibilityGlobals) = postSolution
		SolutionGuid = {BE506C5F-5DC7-4298-BEE1-2B14C9111ACA}
	EndGlobalSection
EndGlobal
