
Microsoft Visual Studio Solution File, Format Version 12.00
# Visual Studio Version 17
VisualStudioVersion = 17.2.32630.192
MinimumVisualStudioVersion = 10.0.40219.1
Project("{FAE04EC0-301F-11D3-BF4B-00C04F79EFBC}") = "HelloCS", "HelloCS\HelloCS.csproj", "{4BADAF6B-D758-45C8-94B3-6DB03E274844}"
EndProject
Global
	GlobalSection(SolutionConfigurationPlatforms) = preSolution
		Debug|Any CPU = Debug|Any CPU
		Release|Any CPU = Release|Any CPU
	EndGlobalSection
	GlobalSection(ProjectConfigurationPlatforms) = postSolution
		{4BADAF6B-D758-45C8-94B3-6DB03E274844}.Debug|Any CPU.ActiveCfg = Debug|Any CPU
		{4BADAF6B-D758-45C8-94B3-6DB03E274844}.Debug|Any CPU.Build.0 = Debug|Any CPU
		{4BADAF6B-D758-45C8-94B3-6DB03E274844}.Release|Any CPU.ActiveCfg = Release|Any CPU
		{4BADAF6B-D758-45C8-94B3-6DB03E274844}.Release|Any CPU.Build.0 = Release|Any CPU
	EndGlobalSection
	GlobalSection(SolutionProperties) = preSolution
		HideSolutionNode = FALSE
	EndGlobalSection
	GlobalSection(ExtensibilityGlobals) = postSolution
		SolutionGuid = {6BA43D43-523B-44EB-AA7A-547D661ECF4D}
	EndGlobalSection
EndGlobal
