
Microsoft Visual Studio Solution File, Format Version 12.00
# Visual Studio Version 17
VisualStudioVersion = 17.2.32630.192
MinimumVisualStudioVersion = 10.0.40219.1
Project("{9A19103F-16F7-4668-BE54-9A1E7A4F7556}") = "testeentrevs", "testeentrevs.csproj", "{A1EF0DB8-D4EF-4868-9CE1-E6E6BD4E38D7}"
EndProject
Global
	GlobalSection(SolutionConfigurationPlatforms) = preSolution
		Debug|Any CPU = Debug|Any CPU
		Release|Any CPU = Release|Any CPU
	EndGlobalSection
	GlobalSection(ProjectConfigurationPlatforms) = postSolution
		{A1EF0DB8-D4EF-4868-9CE1-E6E6BD4E38D7}.Debug|Any CPU.ActiveCfg = Debug|Any CPU
		{A1EF0DB8-D4EF-4868-9CE1-E6E6BD4E38D7}.Debug|Any CPU.Build.0 = Debug|Any CPU
		{A1EF0DB8-D4EF-4868-9CE1-E6E6BD4E38D7}.Release|Any CPU.ActiveCfg = Release|Any CPU
		{A1EF0DB8-D4EF-4868-9CE1-E6E6BD4E38D7}.Release|Any CPU.Build.0 = Release|Any CPU
	EndGlobalSection
	GlobalSection(SolutionProperties) = preSolution
		HideSolutionNode = FALSE
	EndGlobalSection
	GlobalSection(ExtensibilityGlobals) = postSolution
		SolutionGuid = {CEBD2A13-812C-43B8-AA05-88C826A7D220}
	EndGlobalSection
EndGlobal
