
Microsoft Visual Studio Solution File, Format Version 12.00
# Visual Studio Version 17
VisualStudioVersion = 17.2.32630.192
MinimumVisualStudioVersion = 10.0.40219.1
Project("{FAE04EC0-301F-11D3-BF4B-00C04F79EFBC}") = "Chapter02", "Chapter02\Chapter02.csproj", "{8FC87F98-6289-44D4-8976-BCB2537A0B13}"
EndProject
Global
	GlobalSection(SolutionConfigurationPlatforms) = preSolution
		Debug|Any CPU = Debug|Any CPU
		Release|Any CPU = Release|Any CPU
	EndGlobalSection
	GlobalSection(ProjectConfigurationPlatforms) = postSolution
		{8FC87F98-6289-44D4-8976-BCB2537A0B13}.Debug|Any CPU.ActiveCfg = Debug|Any CPU
		{8FC87F98-6289-44D4-8976-BCB2537A0B13}.Debug|Any CPU.Build.0 = Debug|Any CPU
		{8FC87F98-6289-44D4-8976-BCB2537A0B13}.Release|Any CPU.ActiveCfg = Release|Any CPU
		{8FC87F98-6289-44D4-8976-BCB2537A0B13}.Release|Any CPU.Build.0 = Release|Any CPU
	EndGlobalSection
	GlobalSection(SolutionProperties) = preSolution
		HideSolutionNode = FALSE
	EndGlobalSection
	GlobalSection(ExtensibilityGlobals) = postSolution
		SolutionGuid = {D150D8EB-1385-4324-9301-1BB07021A660}
	EndGlobalSection
EndGlobal
