
Microsoft Visual Studio Solution File, Format Version 12.00
# Visual Studio Version 17
VisualStudioVersion = 17.2.32630.192
MinimumVisualStudioVersion = 10.0.40219.1
Project("{FAE04EC0-301F-11D3-BF4B-00C04F79EFBC}") = "HelperLibrary", "HelperLibrary.csproj", "{CCD7CC07-02DB-4A06-BE90-D1E4700C10CF}"
EndProject
Project("{2150E333-8FDC-42A3-9474-1A3956D46DE8}") = "Solution Items", "Solution Items", "{6CE4C144-2264-4520-85C5-99B93CB630A4}"
	ProjectSection(SolutionItems) = preProject
		TextFile1.txt = TextFile1.txt
	EndProjectSection
EndProject
Global
	GlobalSection(SolutionConfigurationPlatforms) = preSolution
		Debug|Any CPU = Debug|Any CPU
		Release|Any CPU = Release|Any CPU
	EndGlobalSection
	GlobalSection(ProjectConfigurationPlatforms) = postSolution
		{CCD7CC07-02DB-4A06-BE90-D1E4700C10CF}.Debug|Any CPU.ActiveCfg = Debug|Any CPU
		{CCD7CC07-02DB-4A06-BE90-D1E4700C10CF}.Debug|Any CPU.Build.0 = Debug|Any CPU
		{CCD7CC07-02DB-4A06-BE90-D1E4700C10CF}.Release|Any CPU.ActiveCfg = Release|Any CPU
		{CCD7CC07-02DB-4A06-BE90-D1E4700C10CF}.Release|Any CPU.Build.0 = Release|Any CPU
	EndGlobalSection
	GlobalSection(SolutionProperties) = preSolution
		HideSolutionNode = FALSE
	EndGlobalSection
	GlobalSection(ExtensibilityGlobals) = postSolution
		SolutionGuid = {13ACE634-C608-452A-9EBF-4AD403E17541}
	EndGlobalSection
EndGlobal
