
Microsoft Visual Studio Solution File, Format Version 12.00
# Visual Studio Version 17
VisualStudioVersion = 17.2.32630.192
MinimumVisualStudioVersion = 10.0.40219.1
Project("{9A19103F-16F7-4668-BE54-9A1E7A4F7556}") = "AssembliesAndNamespaces", "AssembliesAndNamespaces\AssembliesAndNamespaces.csproj", "{B83410E3-8C19-42E3-98C0-B99D65F90C5E}"
EndProject
Project("{9A19103F-16F7-4668-BE54-9A1E7A4F7556}") = "SharedLibrary", "SharedLibrary\SharedLibrary.csproj", "{53B3E358-3A50-4B94-829E-F408ECE06391}"
EndProject
Project("{FAE04EC0-301F-11D3-BF4B-00C04F79EFBC}") = "DotNetEverywhere", "DotNetEverywhere\DotNetEverywhere.csproj", "{BAE4FC9E-09B9-4C21-AD54-1FC9C7488FBE}"
EndProject
Global
	GlobalSection(SolutionConfigurationPlatforms) = preSolution
		Debug|Any CPU = Debug|Any CPU
		Release|Any CPU = Release|Any CPU
	EndGlobalSection
	GlobalSection(ProjectConfigurationPlatforms) = postSolution
		{B83410E3-8C19-42E3-98C0-B99D65F90C5E}.Debug|Any CPU.ActiveCfg = Debug|Any CPU
		{B83410E3-8C19-42E3-98C0-B99D65F90C5E}.Debug|Any CPU.Build.0 = Debug|Any CPU
		{B83410E3-8C19-42E3-98C0-B99D65F90C5E}.Release|Any CPU.ActiveCfg = Release|Any CPU
		{B83410E3-8C19-42E3-98C0-B99D65F90C5E}.Release|Any CPU.Build.0 = Release|Any CPU
		{53B3E358-3A50-4B94-829E-F408ECE06391}.Debug|Any CPU.ActiveCfg = Debug|Any CPU
		{53B3E358-3A50-4B94-829E-F408ECE06391}.Debug|Any CPU.Build.0 = Debug|Any CPU
		{53B3E358-3A50-4B94-829E-F408ECE06391}.Release|Any CPU.ActiveCfg = Release|Any CPU
		{53B3E358-3A50-4B94-829E-F408ECE06391}.Release|Any CPU.Build.0 = Release|Any CPU
		{BAE4FC9E-09B9-4C21-AD54-1FC9C7488FBE}.Debug|Any CPU.ActiveCfg = Debug|Any CPU
		{BAE4FC9E-09B9-4C21-AD54-1FC9C7488FBE}.Debug|Any CPU.Build.0 = Debug|Any CPU
		{BAE4FC9E-09B9-4C21-AD54-1FC9C7488FBE}.Release|Any CPU.ActiveCfg = Release|Any CPU
		{BAE4FC9E-09B9-4C21-AD54-1FC9C7488FBE}.Release|Any CPU.Build.0 = Release|Any CPU
	EndGlobalSection
	GlobalSection(SolutionProperties) = preSolution
		HideSolutionNode = FALSE
	EndGlobalSection
	GlobalSection(ExtensibilityGlobals) = postSolution
		SolutionGuid = {3BD11E51-43CC-4819-941A-74EC38AD9D4E}
	EndGlobalSection
EndGlobal
