
Microsoft Visual Studio Solution File, Format Version 12.00
# Visual Studio Version 16
VisualStudioVersion = 16.0.30114.105
MinimumVisualStudioVersion = 10.0.40219.1
Project("{FAE04EC0-301F-11D3-BF4B-00C04F79EFBC}") = "StringLibrary", "StringLibrary\StringLibrary.csproj", "{BE10C0D1-67F1-403B-AC84-CDC530ECADB5}"
EndProject
Project("{FAE04EC0-301F-11D3-BF4B-00C04F79EFBC}") = "ShowCase", "ShowCase\ShowCase.csproj", "{2AA6CC4F-ADA2-441D-BF5E-0ED39700AAD5}"
EndProject
Global
	GlobalSection(SolutionConfigurationPlatforms) = preSolution
		Debug|Any CPU = Debug|Any CPU
		Release|Any CPU = Release|Any CPU
	EndGlobalSection
	GlobalSection(SolutionProperties) = preSolution
		HideSolutionNode = FALSE
	EndGlobalSection
	GlobalSection(ProjectConfigurationPlatforms) = postSolution
		{BE10C0D1-67F1-403B-AC84-CDC530ECADB5}.Debug|Any CPU.ActiveCfg = Debug|Any CPU
		{BE10C0D1-67F1-403B-AC84-CDC530ECADB5}.Debug|Any CPU.Build.0 = Debug|Any CPU
		{BE10C0D1-67F1-403B-AC84-CDC530ECADB5}.Release|Any CPU.ActiveCfg = Release|Any CPU
		{BE10C0D1-67F1-403B-AC84-CDC530ECADB5}.Release|Any CPU.Build.0 = Release|Any CPU
		{2AA6CC4F-ADA2-441D-BF5E-0ED39700AAD5}.Debug|Any CPU.ActiveCfg = Debug|Any CPU
		{2AA6CC4F-ADA2-441D-BF5E-0ED39700AAD5}.Debug|Any CPU.Build.0 = Debug|Any CPU
		{2AA6CC4F-ADA2-441D-BF5E-0ED39700AAD5}.Release|Any CPU.ActiveCfg = Release|Any CPU
		{2AA6CC4F-ADA2-441D-BF5E-0ED39700AAD5}.Release|Any CPU.Build.0 = Release|Any CPU
	EndGlobalSection
EndGlobal
